
Microsoft Visual Studio Solution File, Format Version 12.00
# Visual Studio 14
VisualStudioVersion = 14.0.25420.1
MinimumVisualStudioVersion = 10.0.40219.1
Project("{2150E333-8FDC-42A3-9474-1A3956D46DE8}") = "src", "src", "{1ABD0189-8CE4-493F-99D4-72ED3C3D4690}"
EndProject
Project("{2150E333-8FDC-42A3-9474-1A3956D46DE8}") = "Solution Items", "Solution Items", "{13EE5480-E93B-42E9-95F0-F6131383120D}"
	ProjectSection(SolutionItems) = preProject
		global.json = global.json
	EndProjectSection
EndProject
Project("{8BB2217D-0F2D-49D1-97BC-3654ED321F3B}") = "Texter", "src\Texter\Texter.xproj", "{19AAAF92-BEBD-48CB-A816-2AFFDA547035}"
EndProject
Global
	GlobalSection(SolutionConfigurationPlatforms) = preSolution
		Debug|Any CPU = Debug|Any CPU
		Release|Any CPU = Release|Any CPU
	EndGlobalSection
	GlobalSection(ProjectConfigurationPlatforms) = postSolution
		{19AAAF92-BEBD-48CB-A816-2AFFDA547035}.Debug|Any CPU.ActiveCfg = Debug|Any CPU
		{19AAAF92-BEBD-48CB-A816-2AFFDA547035}.Debug|Any CPU.Build.0 = Debug|Any CPU
		{19AAAF92-BEBD-48CB-A816-2AFFDA547035}.Release|Any CPU.ActiveCfg = Release|Any CPU
		{19AAAF92-BEBD-48CB-A816-2AFFDA547035}.Release|Any CPU.Build.0 = Release|Any CPU
	EndGlobalSection
	GlobalSection(SolutionProperties) = preSolution
		HideSolutionNode = FALSE
	EndGlobalSection
	GlobalSection(NestedProjects) = preSolution
		{19AAAF92-BEBD-48CB-A816-2AFFDA547035} = {1ABD0189-8CE4-493F-99D4-72ED3C3D4690}
	EndGlobalSection
EndGlobal
